
Microsoft Visual Studio Solution File, Format Version 12.00
# Visual Studio Version 17
VisualStudioVersion = 17.0.31903.59
MinimumVisualStudioVersion = 10.0.40219.1
Project("{FAE04EC0-301F-11D3-BF4B-00C04F79EFBC}") = "PortBan", "PortBan.csproj", "{4F786800-17AC-45CB-B7C3-87C8F105F530}"
EndProject
Project("{FAE04EC0-301F-11D3-BF4B-00C04F79EFBC}") = "PortBan.Tests", "PortBan.Tests\PortBan.Tests.csproj", "{2D7B4A6A-F7A6-49A6-BC01-A6DA1088A2C2}"
EndProject
Global
	GlobalSection(SolutionConfigurationPlatforms) = preSolution
		Debug|Any CPU = Debug|Any CPU
		Release|Any CPU = Release|Any CPU
	EndGlobalSection
	GlobalSection(SolutionProperties) = preSolution
		HideSolutionNode = FALSE
	EndGlobalSection
	GlobalSection(ProjectConfigurationPlatforms) = postSolution
		{4F786800-17AC-45CB-B7C3-87C8F105F530}.Debug|Any CPU.ActiveCfg = Debug|Any CPU
		{4F786800-17AC-45CB-B7C3-87C8F105F530}.Debug|Any CPU.Build.0 = Debug|Any CPU
		{4F786800-17AC-45CB-B7C3-87C8F105F530}.Release|Any CPU.ActiveCfg = Release|Any CPU
		{4F786800-17AC-45CB-B7C3-87C8F105F530}.Release|Any CPU.Build.0 = Release|Any CPU
		{2D7B4A6A-F7A6-49A6-BC01-A6DA1088A2C2}.Debug|Any CPU.ActiveCfg = Debug|Any CPU
		{2D7B4A6A-F7A6-49A6-BC01-A6DA1088A2C2}.Debug|Any CPU.Build.0 = Debug|Any CPU
		{2D7B4A6A-F7A6-49A6-BC01-A6DA1088A2C2}.Release|Any CPU.ActiveCfg = Release|Any CPU
		{2D7B4A6A-F7A6-49A6-BC01-A6DA1088A2C2}.Release|Any CPU.Build.0 = Release|Any CPU
	EndGlobalSection
EndGlobal
